
Microsoft Visual Studio Solution File, Format Version 12.00
# Visual Studio Version 17
VisualStudioVersion = 17.14.36109.1 d17.14
MinimumVisualStudioVersion = 10.0.40219.1
Project("{FAE04EC0-301F-11D3-BF4B-00C04F79EFBC}") = "ShotcutRandomizer", "ShotcutRandomizer.csproj", "{04F8EA5B-08BB-4856-AD67-D44069080E62}"
EndProject
Global
	GlobalSection(SolutionConfigurationPlatforms) = preSolution
		Debug|Any CPU = Debug|Any CPU
		Release|Any CPU = Release|Any CPU
	EndGlobalSection
	GlobalSection(ProjectConfigurationPlatforms) = postSolution
		{04F8EA5B-08BB-4856-AD67-D44069080E62}.Debug|Any CPU.ActiveCfg = Debug|Any CPU
		{04F8EA5B-08BB-4856-AD67-D44069080E62}.Debug|Any CPU.Build.0 = Debug|Any CPU
		{04F8EA5B-08BB-4856-AD67-D44069080E62}.Release|Any CPU.ActiveCfg = Release|Any CPU
		{04F8EA5B-08BB-4856-AD67-D44069080E62}.Release|Any CPU.Build.0 = Release|Any CPU
	EndGlobalSection
	GlobalSection(SolutionProperties) = preSolution
		HideSolutionNode = FALSE
	EndGlobalSection
	GlobalSection(ExtensibilityGlobals) = postSolution
		SolutionGuid = {80AC644A-DC8C-4997-9A4F-32610A60940E}
	EndGlobalSection
EndGlobal
